
Microsoft Visual Studio Solution File, Format Version 12.00
# Visual Studio Version 16
VisualStudioVersion = 16.0.808.7
MinimumVisualStudioVersion = 10.0.40219.1
Project("{FAE04EC0-301F-11D3-BF4B-00C04F79EFBC}") = "ExceptionHandling", "ExceptionHandling.csproj", "{78B91820-26E0-45C9-B5B0-E2757B089E28}"
EndProject
Global
	GlobalSection(SolutionConfigurationPlatforms) = preSolution
		Debug|Any CPU = Debug|Any CPU
		Release|Any CPU = Release|Any CPU
	EndGlobalSection
	GlobalSection(ProjectConfigurationPlatforms) = postSolution
		{78B91820-26E0-45C9-B5B0-E2757B089E28}.Debug|Any CPU.ActiveCfg = Debug|Any CPU
		{78B91820-26E0-45C9-B5B0-E2757B089E28}.Debug|Any CPU.Build.0 = Debug|Any CPU
		{78B91820-26E0-45C9-B5B0-E2757B089E28}.Release|Any CPU.ActiveCfg = Release|Any CPU
		{78B91820-26E0-45C9-B5B0-E2757B089E28}.Release|Any CPU.Build.0 = Release|Any CPU
	EndGlobalSection
	GlobalSection(SolutionProperties) = preSolution
		HideSolutionNode = FALSE
	EndGlobalSection
	GlobalSection(ExtensibilityGlobals) = postSolution
		SolutionGuid = {73905756-C65E-49B9-A731-694048ECB5EC}
	EndGlobalSection
EndGlobal
